
Microsoft Visual Studio Solution File, Format Version 12.00
# Visual Studio Version 17
VisualStudioVersion = 17.9.34728.123
MinimumVisualStudioVersion = 10.0.40219.1
Project("{8BC9CEB8-8B4A-11D0-8D11-00A0C91BC942}") = "Verlet Integration", "Verlet Integration\Verlet Integration.vcxproj", "{63F02795-8107-4416-8095-DF18A87672AD}"
EndProject
Global
	GlobalSection(SolutionConfigurationPlatforms) = preSolution
		Debug|x64 = Debug|x64
		Distribution|x64 = Distribution|x64
		Release|x64 = Release|x64
	EndGlobalSection
	GlobalSection(ProjectConfigurationPlatforms) = postSolution
		{63F02795-8107-4416-8095-DF18A87672AD}.Debug|x64.ActiveCfg = Debug|x64
		{63F02795-8107-4416-8095-DF18A87672AD}.Debug|x64.Build.0 = Debug|x64
		{63F02795-8107-4416-8095-DF18A87672AD}.Distribution|x64.ActiveCfg = Distribution|x64
		{63F02795-8107-4416-8095-DF18A87672AD}.Distribution|x64.Build.0 = Distribution|x64
		{63F02795-8107-4416-8095-DF18A87672AD}.Release|x64.ActiveCfg = Release|x64
		{63F02795-8107-4416-8095-DF18A87672AD}.Release|x64.Build.0 = Release|x64
	EndGlobalSection
	GlobalSection(SolutionProperties) = preSolution
		HideSolutionNode = FALSE
	EndGlobalSection
	GlobalSection(ExtensibilityGlobals) = postSolution
		SolutionGuid = {0F0E39DD-C336-452E-9072-A5DCCF619916}
	EndGlobalSection
EndGlobal
